// !$*UTF8*$!
{
	archiveVersion = 1;
	classes = {
	};
	objectVersion = 46;
	objects = {

/* Begin PBXBuildFile section */
		B3E7B58A1CC2AC0600A0062D /* RNMBReactNativeMapbox.m in Sources */ = {isa = PBXBuildFile; fileRef = B3E7B5891CC2AC0600A0062D /* RNMBReactNativeMapbox.m */; };
		D329AD8423B04F900029177B /* RNMBCamera.swift in Sources */ = {isa = PBXBuildFile; fileRef = D329AD8323B04F900029177B /* RNMBCamera.swift */; };
		D329AD8623B04FB20029177B /* Props.swift in Sources */ = {isa = PBXBuildFile; fileRef = D329AD8523B04FB20029177B /* Props.swift */; };
		D329AD8823B04FBD0029177B /* RNMBOptions.swift in Sources */ = {isa = PBXBuildFile; fileRef = D329AD8723B04FBD0029177B /* RNMBOptions.swift */; };
		D329AD8A23B2CCD00029177B /* RNMBMapStyle.swift in Sources */ = {isa = PBXBuildFile; fileRef = D329AD8923B2CCD00029177B /* RNMBMapStyle.swift */; };
		D32A7ACA2380DE130019C75D /* RNMBMarker.swift in Sources */ = {isa = PBXBuildFile; fileRef = D32A7AC92380DE130019C75D /* RNMBMarker.swift */; };
		D371B6832336E66800222724 /* NativeBridge.m in Sources */ = {isa = PBXBuildFile; fileRef = D371B6822336E66800222724 /* NativeBridge.m */; };
		D371B6862336E67B00222724 /* MapBoxViewController.swift in Sources */ = {isa = PBXBuildFile; fileRef = D371B6852336E67B00222724 /* MapBoxViewController.swift */; };
		D371B6882336E68F00222724 /* MapBoxMapView.swift in Sources */ = {isa = PBXBuildFile; fileRef = D371B6872336E68F00222724 /* MapBoxMapView.swift */; };
		D371B6912336E8A900222724 /* Utils.swift in Sources */ = {isa = PBXBuildFile; fileRef = D371B6902336E8A900222724 /* Utils.swift */; };
/* End PBXBuildFile section */

/* Begin PBXCopyFilesBuildPhase section */
		58B511D91A9E6C8500147676 /* CopyFiles */ = {
			isa = PBXCopyFilesBuildPhase;
			buildActionMask = 2147483647;
			dstPath = "include/$(PRODUCT_NAME)";
			dstSubfolderSpec = 16;
			files = (
			);
			runOnlyForDeploymentPostprocessing = 0;
		};
/* End PBXCopyFilesBuildPhase section */

/* Begin PBXFileReference section */
		134814201AA4EA6300B7C361 /* libRNMBReactNativeMapbox.a */ = {isa = PBXFileReference; explicitFileType = archive.ar; includeInIndex = 0; path = libRNMBReactNativeMapbox.a; sourceTree = BUILT_PRODUCTS_DIR; };
		B3E7B5881CC2AC0600A0062D /* RNMBReactNativeMapbox.h */ = {isa = PBXFileReference; fileEncoding = 4; lastKnownFileType = sourcecode.c.h; path = RNMBReactNativeMapbox.h; sourceTree = "<group>"; };
		B3E7B5891CC2AC0600A0062D /* RNMBReactNativeMapbox.m */ = {isa = PBXFileReference; fileEncoding = 4; lastKnownFileType = sourcecode.c.objc; path = RNMBReactNativeMapbox.m; sourceTree = "<group>"; };
		D329AD8323B04F900029177B /* RNMBCamera.swift */ = {isa = PBXFileReference; lastKnownFileType = sourcecode.swift; path = RNMBCamera.swift; sourceTree = "<group>"; };
		D329AD8523B04FB20029177B /* Props.swift */ = {isa = PBXFileReference; lastKnownFileType = sourcecode.swift; path = Props.swift; sourceTree = "<group>"; };
		D329AD8723B04FBD0029177B /* RNMBOptions.swift */ = {isa = PBXFileReference; lastKnownFileType = sourcecode.swift; path = RNMBOptions.swift; sourceTree = "<group>"; };
		D329AD8923B2CCD00029177B /* RNMBMapStyle.swift */ = {isa = PBXFileReference; lastKnownFileType = sourcecode.swift; path = RNMBMapStyle.swift; sourceTree = "<group>"; };
		D32A7AC92380DE130019C75D /* RNMBMarker.swift */ = {isa = PBXFileReference; lastKnownFileType = sourcecode.swift; path = RNMBMarker.swift; sourceTree = "<group>"; };
		D371B6822336E66800222724 /* NativeBridge.m */ = {isa = PBXFileReference; lastKnownFileType = sourcecode.c.objc; path = NativeBridge.m; sourceTree = "<group>"; };
		D371B6842336E67B00222724 /* RNMBReactNativeMapbox-Bridging-Header.h */ = {isa = PBXFileReference; lastKnownFileType = sourcecode.c.h; path = "RNMBReactNativeMapbox-Bridging-Header.h"; sourceTree = "<group>"; };
		D371B6852336E67B00222724 /* MapBoxViewController.swift */ = {isa = PBXFileReference; lastKnownFileType = sourcecode.swift; path = MapBoxViewController.swift; sourceTree = "<group>"; };
		D371B6872336E68F00222724 /* MapBoxMapView.swift */ = {isa = PBXFileReference; lastKnownFileType = sourcecode.swift; path = MapBoxMapView.swift; sourceTree = "<group>"; };
		D371B6902336E8A900222724 /* Utils.swift */ = {isa = PBXFileReference; lastKnownFileType = sourcecode.swift; path = Utils.swift; sourceTree = "<group>"; };
/* End PBXFileReference section */

/* Begin PBXFrameworksBuildPhase section */
		58B511D81A9E6C8500147676 /* Frameworks */ = {
			isa = PBXFrameworksBuildPhase;
			buildActionMask = 2147483647;
			files = (
			);
			runOnlyForDeploymentPostprocessing = 0;
		};
/* End PBXFrameworksBuildPhase section */

/* Begin PBXGroup section */
		134814211AA4EA7D00B7C361 /* Products */ = {
			isa = PBXGroup;
			children = (
				134814201AA4EA6300B7C361 /* libRNMBReactNativeMapbox.a */,
			);
			name = Products;
			sourceTree = "<group>";
		};
		58B511D21A9E6C8500147676 = {
			isa = PBXGroup;
			children = (
				D371B6812336E64900222724 /* NativeModules */,
				B3E7B5881CC2AC0600A0062D /* RNMBReactNativeMapbox.h */,
				B3E7B5891CC2AC0600A0062D /* RNMBReactNativeMapbox.m */,
				134814211AA4EA7D00B7C361 /* Products */,
			);
			sourceTree = "<group>";
		};
		D32A7AC82380DE010019C75D /* Components */ = {
			isa = PBXGroup;
			children = (
				D32A7AC92380DE130019C75D /* RNMBMarker.swift */,
				D329AD8323B04F900029177B /* RNMBCamera.swift */,
				D329AD8523B04FB20029177B /* Props.swift */,
				D329AD8723B04FBD0029177B /* RNMBOptions.swift */,
				D329AD8923B2CCD00029177B /* RNMBMapStyle.swift */,
			);
			path = Components;
			sourceTree = "<group>";
		};
		D371B6812336E64900222724 /* NativeModules */ = {
			isa = PBXGroup;
			children = (
				D32A7AC82380DE010019C75D /* Components */,
				D371B6822336E66800222724 /* NativeBridge.m */,
				D371B6852336E67B00222724 /* MapBoxViewController.swift */,
				D371B6842336E67B00222724 /* RNMBReactNativeMapbox-Bridging-Header.h */,
				D371B6872336E68F00222724 /* MapBoxMapView.swift */,
				D371B6902336E8A900222724 /* Utils.swift */,
			);
			path = NativeModules;
			sourceTree = "<group>";
		};
/* End PBXGroup section */

/* Begin PBXNativeTarget section */
		58B511DA1A9E6C8500147676 /* RNMBReactNativeMapbox */ = {
			isa = PBXNativeTarget;
			buildConfigurationList = 58B511EF1A9E6C8500147676 /* Build configuration list for PBXNativeTarget "RNMBReactNativeMapbox" */;
			buildPhases = (
				58B511D71A9E6C8500147676 /* Sources */,
				58B511D81A9E6C8500147676 /* Frameworks */,
				58B511D91A9E6C8500147676 /* CopyFiles */,
			);
			buildRules = (
			);
			dependencies = (
			);
			name = RNMBReactNativeMapbox;
			productName = RCTDataManager;
			productReference = 134814201AA4EA6300B7C361 /* libRNMBReactNativeMapbox.a */;
			productType = "com.apple.product-type.library.static";
		};
/* End PBXNativeTarget section */

/* Begin PBXProject section */
		58B511D31A9E6C8500147676 /* Project object */ = {
			isa = PBXProject;
			attributes = {
				LastUpgradeCheck = 0920;
				ORGANIZATIONNAME = Facebook;
				TargetAttributes = {
					58B511DA1A9E6C8500147676 = {
						CreatedOnToolsVersion = 6.1.1;
						LastSwiftMigration = 1020;
					};
				};
			};
			buildConfigurationList = 58B511D61A9E6C8500147676 /* Build configuration list for PBXProject "RNMBReactNativeMapbox" */;
			compatibilityVersion = "Xcode 3.2";
			developmentRegion = English;
			hasScannedForEncodings = 0;
			knownRegions = (
				English,
				en,
			);
			mainGroup = 58B511D21A9E6C8500147676;
			productRefGroup = 58B511D21A9E6C8500147676;
			projectDirPath = "";
			projectRoot = "";
			targets = (
				58B511DA1A9E6C8500147676 /* RNMBReactNativeMapbox */,
			);
		};
/* End PBXProject section */

/* Begin PBXSourcesBuildPhase section */
		58B511D71A9E6C8500147676 /* Sources */ = {
			isa = PBXSourcesBuildPhase;
			buildActionMask = 2147483647;
			files = (
				B3E7B58A1CC2AC0600A0062D /* RNMBReactNativeMapbox.m in Sources */,
				D329AD8423B04F900029177B /* RNMBCamera.swift in Sources */,
				D329AD8623B04FB20029177B /* Props.swift in Sources */,
				D371B6862336E67B00222724 /* MapBoxViewController.swift in Sources */,
				D371B6912336E8A900222724 /* Utils.swift in Sources */,
				D32A7ACA2380DE130019C75D /* RNMBMarker.swift in Sources */,
				D371B6882336E68F00222724 /* MapBoxMapView.swift in Sources */,
				D329AD8A23B2CCD00029177B /* RNMBMapStyle.swift in Sources */,
				D371B6832336E66800222724 /* NativeBridge.m in Sources */,
				D329AD8823B04FBD0029177B /* RNMBOptions.swift in Sources */,
			);
			runOnlyForDeploymentPostprocessing = 0;
		};
/* End PBXSourcesBuildPhase section */

/* Begin XCBuildConfiguration section */
		58B511ED1A9E6C8500147676 /* Debug */ = {
			isa = XCBuildConfiguration;
			buildSettings = {
				ALWAYS_SEARCH_USER_PATHS = NO;
				CLANG_CXX_LANGUAGE_STANDARD = "gnu++0x";
				CLANG_CXX_LIBRARY = "libc++";
				CLANG_ENABLE_MODULES = YES;
				CLANG_ENABLE_OBJC_ARC = YES;
				CLANG_WARN_BLOCK_CAPTURE_AUTORELEASING = YES;
				CLANG_WARN_BOOL_CONVERSION = YES;
				CLANG_WARN_COMMA = YES;
				CLANG_WARN_CONSTANT_CONVERSION = YES;
				CLANG_WARN_DIRECT_OBJC_ISA_USAGE = YES_ERROR;
				CLANG_WARN_EMPTY_BODY = YES;
				CLANG_WARN_ENUM_CONVERSION = YES;
				CLANG_WARN_INFINITE_RECURSION = YES;
				CLANG_WARN_INT_CONVERSION = YES;
				CLANG_WARN_NON_LITERAL_NULL_CONVERSION = YES;
				CLANG_WARN_OBJC_LITERAL_CONVERSION = YES;
				CLANG_WARN_OBJC_ROOT_CLASS = YES_ERROR;
				CLANG_WARN_RANGE_LOOP_ANALYSIS = YES;
				CLANG_WARN_STRICT_PROTOTYPES = YES;
				CLANG_WARN_SUSPICIOUS_MOVE = YES;
				CLANG_WARN_UNREACHABLE_CODE = YES;
				CLANG_WARN__DUPLICATE_METHOD_MATCH = YES;
				COPY_PHASE_STRIP = NO;
				ENABLE_STRICT_OBJC_MSGSEND = YES;
				ENABLE_TESTABILITY = YES;
				GCC_C_LANGUAGE_STANDARD = gnu99;
				GCC_DYNAMIC_NO_PIC = NO;
				GCC_NO_COMMON_BLOCKS = YES;
				GCC_OPTIMIZATION_LEVEL = 0;
				GCC_PREPROCESSOR_DEFINITIONS = (
					"DEBUG=1",
					"$(inherited)",
				);
				GCC_SYMBOLS_PRIVATE_EXTERN = NO;
				GCC_WARN_64_TO_32_BIT_CONVERSION = YES;
				GCC_WARN_ABOUT_RETURN_TYPE = YES_ERROR;
				GCC_WARN_UNDECLARED_SELECTOR = YES;
				GCC_WARN_UNINITIALIZED_AUTOS = YES_AGGRESSIVE;
				GCC_WARN_UNUSED_FUNCTION = YES;
				GCC_WARN_UNUSED_VARIABLE = YES;
				IPHONEOS_DEPLOYMENT_TARGET = 8.0;
				MTL_ENABLE_DEBUG_INFO = YES;
				ONLY_ACTIVE_ARCH = YES;
				SDKROOT = iphoneos;
			};
			name = Debug;
		};
		58B511EE1A9E6C8500147676 /* Release */ = {
			isa = XCBuildConfiguration;
			buildSettings = {
				ALWAYS_SEARCH_USER_PATHS = NO;
				CLANG_CXX_LANGUAGE_STANDARD = "gnu++0x";
				CLANG_CXX_LIBRARY = "libc++";
				CLANG_ENABLE_MODULES = YES;
				CLANG_ENABLE_OBJC_ARC = YES;
				CLANG_WARN_BLOCK_CAPTURE_AUTORELEASING = YES;
				CLANG_WARN_BOOL_CONVERSION = YES;
				CLANG_WARN_COMMA = YES;
				CLANG_WARN_CONSTANT_CONVERSION = YES;
				CLANG_WARN_DIRECT_OBJC_ISA_USAGE = YES_ERROR;
				CLANG_WARN_EMPTY_BODY = YES;
				CLANG_WARN_ENUM_CONVERSION = YES;
				CLANG_WARN_INFINITE_RECURSION = YES;
				CLANG_WARN_INT_CONVERSION = YES;
				CLANG_WARN_NON_LITERAL_NULL_CONVERSION = YES;
				CLANG_WARN_OBJC_LITERAL_CONVERSION = YES;
				CLANG_WARN_OBJC_ROOT_CLASS = YES_ERROR;
				CLANG_WARN_RANGE_LOOP_ANALYSIS = YES;
				CLANG_WARN_STRICT_PROTOTYPES = YES;
				CLANG_WARN_SUSPICIOUS_MOVE = YES;
				CLANG_WARN_UNREACHABLE_CODE = YES;
				CLANG_WARN__DUPLICATE_METHOD_MATCH = YES;
				COPY_PHASE_STRIP = YES;
				ENABLE_NS_ASSERTIONS = NO;
				ENABLE_STRICT_OBJC_MSGSEND = YES;
				GCC_C_LANGUAGE_STANDARD = gnu99;
				GCC_NO_COMMON_BLOCKS = YES;
				GCC_WARN_64_TO_32_BIT_CONVERSION = YES;
				GCC_WARN_ABOUT_RETURN_TYPE = YES_ERROR;
				GCC_WARN_UNDECLARED_SELECTOR = YES;
				GCC_WARN_UNINITIALIZED_AUTOS = YES_AGGRESSIVE;
				GCC_WARN_UNUSED_FUNCTION = YES;
				GCC_WARN_UNUSED_VARIABLE = YES;
				IPHONEOS_DEPLOYMENT_TARGET = 8.0;
				MTL_ENABLE_DEBUG_INFO = NO;
				SDKROOT = iphoneos;
				VALIDATE_PRODUCT = YES;
			};
			name = Release;
		};
		58B511F01A9E6C8500147676 /* Debug */ = {
			isa = XCBuildConfiguration;
			buildSettings = {
				CLANG_ENABLE_MODULES = YES;
				HEADER_SEARCH_PATHS = (
					"$(inherited)",
					/Applications/Xcode.app/Contents/Developer/Toolchains/XcodeDefault.xctoolchain/usr/include,
					"$(SRCROOT)/../../../React/**",
					"$(SRCROOT)/../../react-native/React/**",
				);
				LD_RUNPATH_SEARCH_PATHS = "$(inherited) @executable_path/Frameworks @loader_path/Frameworks";
				LIBRARY_SEARCH_PATHS = "$(inherited)";
				OTHER_LDFLAGS = "-ObjC";
				PRODUCT_NAME = RNMBReactNativeMapbox;
				SKIP_INSTALL = YES;
				SWIFT_OBJC_BRIDGING_HEADER = "NativeModules/RNMBReactNativeMapbox-Bridging-Header.h";
				SWIFT_OPTIMIZATION_LEVEL = "-Onone";
				SWIFT_VERSION = 5.0;
			};
			name = Debug;
		};
		58B511F11A9E6C8500147676 /* Release */ = {
			isa = XCBuildConfiguration;
			buildSettings = {
				CLANG_ENABLE_MODULES = YES;
				HEADER_SEARCH_PATHS = (
					"$(inherited)",
					/Applications/Xcode.app/Contents/Developer/Toolchains/XcodeDefault.xctoolchain/usr/include,
					"$(SRCROOT)/../../../React/**",
					"$(SRCROOT)/../../react-native/React/**",
				);
				LD_RUNPATH_SEARCH_PATHS = "$(inherited) @executable_path/Frameworks @loader_path/Frameworks";
				LIBRARY_SEARCH_PATHS = "$(inherited)";
				OTHER_LDFLAGS = "-ObjC";
				PRODUCT_NAME = RNMBReactNativeMapbox;
				SKIP_INSTALL = YES;
				SWIFT_OBJC_BRIDGING_HEADER = "NativeModules/RNMBReactNativeMapbox-Bridging-Header.h";
				SWIFT_VERSION = 5.0;
			};
			name = Release;
		};
/* End XCBuildConfiguration section */

/* Begin XCConfigurationList section */
		58B511D61A9E6C8500147676 /* Build configuration list for PBXProject "RNMBReactNativeMapbox" */ = {
			isa = XCConfigurationList;
			buildConfigurations = (
				58B511ED1A9E6C8500147676 /* Debug */,
				58B511EE1A9E6C8500147676 /* Release */,
			);
			defaultConfigurationIsVisible = 0;
			defaultConfigurationName = Release;
		};
		58B511EF1A9E6C8500147676 /* Build configuration list for PBXNativeTarget "RNMBReactNativeMapbox" */ = {
			isa = XCConfigurationList;
			buildConfigurations = (
				58B511F01A9E6C8500147676 /* Debug */,
				58B511F11A9E6C8500147676 /* Release */,
			);
			defaultConfigurationIsVisible = 0;
			defaultConfigurationName = Release;
		};
/* End XCConfigurationList section */
	};
	rootObject = 58B511D31A9E6C8500147676 /* Project object */;
}
